
Microsoft Visual Studio Solution File, Format Version 12.00
# Visual Studio Version 16
VisualStudioVersion = 16.0.31229.75
MinimumVisualStudioVersion = 10.0.40219.1
Project("{FAE04EC0-301F-11D3-BF4B-00C04F79EFBC}") = "RickrollXamarin.UWP", "RickrollXamarin\RickrollXamarin.UWP\RickrollXamarin.UWP.csproj", "{12FB1759-A331-40BF-BE73-C7DB364368B2}"
EndProject
Project("{FAE04EC0-301F-11D3-BF4B-00C04F79EFBC}") = "RickrollXamarin.Android", "RickrollXamarin\RickrollXamarin.Android\RickrollXamarin.Android.csproj", "{919B9F87-BD6F-4245-9D6E-DC95176B3831}"
EndProject
Project("{FAE04EC0-301F-11D3-BF4B-00C04F79EFBC}") = "RickrollXamarin.iOS", "RickrollXamarin\RickrollXamarin.iOS\RickrollXamarin.iOS.csproj", "{4656915D-D05E-4CAB-A577-F9440A8150FE}"
EndProject
Project("{FAE04EC0-301F-11D3-BF4B-00C04F79EFBC}") = "RickrollXamarin", "RickrollXamarin\RickrollXamarin\RickrollXamarin.csproj", "{2CB8DF3A-14F0-4C08-A828-F6F7A78FBAF7}"
EndProject
Global
	GlobalSection(SolutionConfigurationPlatforms) = preSolution
		Debug|Any CPU = Debug|Any CPU
		Debug|ARM = Debug|ARM
		Debug|iPhone = Debug|iPhone
		Debug|iPhoneSimulator = Debug|iPhoneSimulator
		Debug|x64 = Debug|x64
		Debug|x86 = Debug|x86
		Release|Any CPU = Release|Any CPU
		Release|ARM = Release|ARM
		Release|iPhone = Release|iPhone
		Release|iPhoneSimulator = Release|iPhoneSimulator
		Release|x64 = Release|x64
		Release|x86 = Release|x86
	EndGlobalSection
	GlobalSection(ProjectConfigurationPlatforms) = postSolution
		{12FB1759-A331-40BF-BE73-C7DB364368B2}.Debug|Any CPU.ActiveCfg = Debug|x86
		{12FB1759-A331-40BF-BE73-C7DB364368B2}.Debug|Any CPU.Build.0 = Debug|x86
		{12FB1759-A331-40BF-BE73-C7DB364368B2}.Debug|Any CPU.Deploy.0 = Debug|x86
		{12FB1759-A331-40BF-BE73-C7DB364368B2}.Debug|ARM.ActiveCfg = Debug|ARM
		{12FB1759-A331-40BF-BE73-C7DB364368B2}.Debug|ARM.Build.0 = Debug|ARM
		{12FB1759-A331-40BF-BE73-C7DB364368B2}.Debug|ARM.Deploy.0 = Debug|ARM
		{12FB1759-A331-40BF-BE73-C7DB364368B2}.Debug|iPhone.ActiveCfg = Debug|x86
		{12FB1759-A331-40BF-BE73-C7DB364368B2}.Debug|iPhone.Build.0 = Debug|x86
		{12FB1759-A331-40BF-BE73-C7DB364368B2}.Debug|iPhone.Deploy.0 = Debug|x86
		{12FB1759-A331-40BF-BE73-C7DB364368B2}.Debug|iPhoneSimulator.ActiveCfg = Debug|x86
		{12FB1759-A331-40BF-BE73-C7DB364368B2}.Debug|iPhoneSimulator.Build.0 = Debug|x86
		{12FB1759-A331-40BF-BE73-C7DB364368B2}.Debug|iPhoneSimulator.Deploy.0 = Debug|x86
		{12FB1759-A331-40BF-BE73-C7DB364368B2}.Debug|x64.ActiveCfg = Debug|x64
		{12FB1759-A331-40BF-BE73-C7DB364368B2}.Debug|x64.Build.0 = Debug|x64
		{12FB1759-A331-40BF-BE73-C7DB364368B2}.Debug|x64.Deploy.0 = Debug|x64
		{12FB1759-A331-40BF-BE73-C7DB364368B2}.Debug|x86.ActiveCfg = Debug|x86
		{12FB1759-A331-40BF-BE73-C7DB364368B2}.Debug|x86.Build.0 = Debug|x86
		{12FB1759-A331-40BF-BE73-C7DB364368B2}.Debug|x86.Deploy.0 = Debug|x86
		{12FB1759-A331-40BF-BE73-C7DB364368B2}.Release|Any CPU.ActiveCfg = Release|x86
		{12FB1759-A331-40BF-BE73-C7DB364368B2}.Release|Any CPU.Build.0 = Release|x86
		{12FB1759-A331-40BF-BE73-C7DB364368B2}.Release|Any CPU.Deploy.0 = Release|x86
		{12FB1759-A331-40BF-BE73-C7DB364368B2}.Release|ARM.ActiveCfg = Release|ARM
		{12FB1759-A331-40BF-BE73-C7DB364368B2}.Release|ARM.Build.0 = Release|ARM
		{12FB1759-A331-40BF-BE73-C7DB364368B2}.Release|ARM.Deploy.0 = Release|ARM
		{12FB1759-A331-40BF-BE73-C7DB364368B2}.Release|iPhone.ActiveCfg = Release|x86
		{12FB1759-A331-40BF-BE73-C7DB364368B2}.Release|iPhone.Build.0 = Release|x86
		{12FB1759-A331-40BF-BE73-C7DB364368B2}.Release|iPhone.Deploy.0 = Release|x86
		{12FB1759-A331-40BF-BE73-C7DB364368B2}.Release|iPhoneSimulator.ActiveCfg = Release|x86
		{12FB1759-A331-40BF-BE73-C7DB364368B2}.Release|iPhoneSimulator.Build.0 = Release|x86
		{12FB1759-A331-40BF-BE73-C7DB364368B2}.Release|iPhoneSimulator.Deploy.0 = Release|x86
		{12FB1759-A331-40BF-BE73-C7DB364368B2}.Release|x64.ActiveCfg = Release|x64
		{12FB1759-A331-40BF-BE73-C7DB364368B2}.Release|x64.Build.0 = Release|x64
		{12FB1759-A331-40BF-BE73-C7DB364368B2}.Release|x64.Deploy.0 = Release|x64
		{12FB1759-A331-40BF-BE73-C7DB364368B2}.Release|x86.ActiveCfg = Release|x86
		{12FB1759-A331-40BF-BE73-C7DB364368B2}.Release|x86.Build.0 = Release|x86
		{12FB1759-A331-40BF-BE73-C7DB364368B2}.Release|x86.Deploy.0 = Release|x86
		{919B9F87-BD6F-4245-9D6E-DC95176B3831}.Debug|Any CPU.ActiveCfg = Debug|Any CPU
		{919B9F87-BD6F-4245-9D6E-DC95176B3831}.Debug|Any CPU.Build.0 = Debug|Any CPU
		{919B9F87-BD6F-4245-9D6E-DC95176B3831}.Debug|Any CPU.Deploy.0 = Debug|Any CPU
		{919B9F87-BD6F-4245-9D6E-DC95176B3831}.Debug|ARM.ActiveCfg = Debug|Any CPU
		{919B9F87-BD6F-4245-9D6E-DC95176B3831}.Debug|ARM.Build.0 = Debug|Any CPU
		{919B9F87-BD6F-4245-9D6E-DC95176B3831}.Debug|ARM.Deploy.0 = Debug|Any CPU
		{919B9F87-BD6F-4245-9D6E-DC95176B3831}.Debug|iPhone.ActiveCfg = Debug|Any CPU
		{919B9F87-BD6F-4245-9D6E-DC95176B3831}.Debug|iPhone.Build.0 = Debug|Any CPU
		{919B9F87-BD6F-4245-9D6E-DC95176B3831}.Debug|iPhone.Deploy.0 = Debug|Any CPU
		{919B9F87-BD6F-4245-9D6E-DC95176B3831}.Debug|iPhoneSimulator.ActiveCfg = Debug|Any CPU
		{919B9F87-BD6F-4245-9D6E-DC95176B3831}.Debug|iPhoneSimulator.Build.0 = Debug|Any CPU
		{919B9F87-BD6F-4245-9D6E-DC95176B3831}.Debug|iPhoneSimulator.Deploy.0 = Debug|Any CPU
		{919B9F87-BD6F-4245-9D6E-DC95176B3831}.Debug|x64.ActiveCfg = Debug|Any CPU
		{919B9F87-BD6F-4245-9D6E-DC95176B3831}.Debug|x64.Build.0 = Debug|Any CPU
		{919B9F87-BD6F-4245-9D6E-DC95176B3831}.Debug|x64.Deploy.0 = Debug|Any CPU
		{919B9F87-BD6F-4245-9D6E-DC95176B3831}.Debug|x86.ActiveCfg = Debug|Any CPU
		{919B9F87-BD6F-4245-9D6E-DC95176B3831}.Debug|x86.Build.0 = Debug|Any CPU
		{919B9F87-BD6F-4245-9D6E-DC95176B3831}.Debug|x86.Deploy.0 = Debug|Any CPU
		{919B9F87-BD6F-4245-9D6E-DC95176B3831}.Release|Any CPU.ActiveCfg = Release|Any CPU
		{919B9F87-BD6F-4245-9D6E-DC95176B3831}.Release|Any CPU.Build.0 = Release|Any CPU
		{919B9F87-BD6F-4245-9D6E-DC95176B3831}.Release|Any CPU.Deploy.0 = Release|Any CPU
		{919B9F87-BD6F-4245-9D6E-DC95176B3831}.Release|ARM.ActiveCfg = Release|Any CPU
		{919B9F87-BD6F-4245-9D6E-DC95176B3831}.Release|ARM.Build.0 = Release|Any CPU
		{919B9F87-BD6F-4245-9D6E-DC95176B3831}.Release|ARM.Deploy.0 = Release|Any CPU
		{919B9F87-BD6F-4245-9D6E-DC95176B3831}.Release|iPhone.ActiveCfg = Release|Any CPU
		{919B9F87-BD6F-4245-9D6E-DC95176B3831}.Release|iPhone.Build.0 = Release|Any CPU
		{919B9F87-BD6F-4245-9D6E-DC95176B3831}.Release|iPhone.Deploy.0 = Release|Any CPU
		{919B9F87-BD6F-4245-9D6E-DC95176B3831}.Release|iPhoneSimulator.ActiveCfg = Release|Any CPU
		{919B9F87-BD6F-4245-9D6E-DC95176B3831}.Release|iPhoneSimulator.Build.0 = Release|Any CPU
		{919B9F87-BD6F-4245-9D6E-DC95176B3831}.Release|iPhoneSimulator.Deploy.0 = Release|Any CPU
		{919B9F87-BD6F-4245-9D6E-DC95176B3831}.Release|x64.ActiveCfg = Release|Any CPU
		{919B9F87-BD6F-4245-9D6E-DC95176B3831}.Release|x64.Build.0 = Release|Any CPU
		{919B9F87-BD6F-4245-9D6E-DC95176B3831}.Release|x64.Deploy.0 = Release|Any CPU
		{919B9F87-BD6F-4245-9D6E-DC95176B3831}.Release|x86.ActiveCfg = Release|Any CPU
		{919B9F87-BD6F-4245-9D6E-DC95176B3831}.Release|x86.Build.0 = Release|Any CPU
		{919B9F87-BD6F-4245-9D6E-DC95176B3831}.Release|x86.Deploy.0 = Release|Any CPU
		{4656915D-D05E-4CAB-A577-F9440A8150FE}.Debug|Any CPU.ActiveCfg = Debug|iPhoneSimulator
		{4656915D-D05E-4CAB-A577-F9440A8150FE}.Debug|Any CPU.Build.0 = Debug|iPhoneSimulator
		{4656915D-D05E-4CAB-A577-F9440A8150FE}.Debug|Any CPU.Deploy.0 = Debug|iPhoneSimulator
		{4656915D-D05E-4CAB-A577-F9440A8150FE}.Debug|ARM.ActiveCfg = Debug|iPhone
		{4656915D-D05E-4CAB-A577-F9440A8150FE}.Debug|ARM.Build.0 = Debug|iPhone
		{4656915D-D05E-4CAB-A577-F9440A8150FE}.Debug|ARM.Deploy.0 = Debug|iPhone
		{4656915D-D05E-4CAB-A577-F9440A8150FE}.Debug|iPhone.ActiveCfg = Debug|iPhone
		{4656915D-D05E-4CAB-A577-F9440A8150FE}.Debug|iPhone.Build.0 = Debug|iPhone
		{4656915D-D05E-4CAB-A577-F9440A8150FE}.Debug|iPhone.Deploy.0 = Debug|iPhone
		{4656915D-D05E-4CAB-A577-F9440A8150FE}.Debug|iPhoneSimulator.ActiveCfg = Debug|iPhoneSimulator
		{4656915D-D05E-4CAB-A577-F9440A8150FE}.Debug|iPhoneSimulator.Build.0 = Debug|iPhoneSimulator
		{4656915D-D05E-4CAB-A577-F9440A8150FE}.Debug|iPhoneSimulator.Deploy.0 = Debug|iPhoneSimulator
		{4656915D-D05E-4CAB-A577-F9440A8150FE}.Debug|x64.ActiveCfg = Debug|iPhoneSimulator
		{4656915D-D05E-4CAB-A577-F9440A8150FE}.Debug|x64.Build.0 = Debug|iPhoneSimulator
		{4656915D-D05E-4CAB-A577-F9440A8150FE}.Debug|x64.Deploy.0 = Debug|iPhoneSimulator
		{4656915D-D05E-4CAB-A577-F9440A8150FE}.Debug|x86.ActiveCfg = Debug|iPhoneSimulator
		{4656915D-D05E-4CAB-A577-F9440A8150FE}.Debug|x86.Build.0 = Debug|iPhoneSimulator
		{4656915D-D05E-4CAB-A577-F9440A8150FE}.Debug|x86.Deploy.0 = Debug|iPhoneSimulator
		{4656915D-D05E-4CAB-A577-F9440A8150FE}.Release|Any CPU.ActiveCfg = Release|iPhoneSimulator
		{4656915D-D05E-4CAB-A577-F9440A8150FE}.Release|Any CPU.Build.0 = Release|iPhoneSimulator
		{4656915D-D05E-4CAB-A577-F9440A8150FE}.Release|Any CPU.Deploy.0 = Release|iPhoneSimulator
		{4656915D-D05E-4CAB-A577-F9440A8150FE}.Release|ARM.ActiveCfg = Release|iPhoneSimulator
		{4656915D-D05E-4CAB-A577-F9440A8150FE}.Release|ARM.Build.0 = Release|iPhoneSimulator
		{4656915D-D05E-4CAB-A577-F9440A8150FE}.Release|ARM.Deploy.0 = Release|iPhoneSimulator
		{4656915D-D05E-4CAB-A577-F9440A8150FE}.Release|iPhone.ActiveCfg = Release|iPhone
		{4656915D-D05E-4CAB-A577-F9440A8150FE}.Release|iPhone.Build.0 = Release|iPhone
		{4656915D-D05E-4CAB-A577-F9440A8150FE}.Release|iPhone.Deploy.0 = Release|iPhone
		{4656915D-D05E-4CAB-A577-F9440A8150FE}.Release|iPhoneSimulator.ActiveCfg = Release|iPhoneSimulator
		{4656915D-D05E-4CAB-A577-F9440A8150FE}.Release|iPhoneSimulator.Build.0 = Release|iPhoneSimulator
		{4656915D-D05E-4CAB-A577-F9440A8150FE}.Release|iPhoneSimulator.Deploy.0 = Release|iPhoneSimulator
		{4656915D-D05E-4CAB-A577-F9440A8150FE}.Release|x64.ActiveCfg = Release|iPhoneSimulator
		{4656915D-D05E-4CAB-A577-F9440A8150FE}.Release|x64.Build.0 = Release|iPhoneSimulator
		{4656915D-D05E-4CAB-A577-F9440A8150FE}.Release|x64.Deploy.0 = Release|iPhoneSimulator
		{4656915D-D05E-4CAB-A577-F9440A8150FE}.Release|x86.ActiveCfg = Release|iPhoneSimulator
		{4656915D-D05E-4CAB-A577-F9440A8150FE}.Release|x86.Build.0 = Release|iPhoneSimulator
		{4656915D-D05E-4CAB-A577-F9440A8150FE}.Release|x86.Deploy.0 = Release|iPhoneSimulator
		{2CB8DF3A-14F0-4C08-A828-F6F7A78FBAF7}.Debug|Any CPU.ActiveCfg = Debug|Any CPU
		{2CB8DF3A-14F0-4C08-A828-F6F7A78FBAF7}.Debug|Any CPU.Build.0 = Debug|Any CPU
		{2CB8DF3A-14F0-4C08-A828-F6F7A78FBAF7}.Debug|Any CPU.Deploy.0 = Debug|Any CPU
		{2CB8DF3A-14F0-4C08-A828-F6F7A78FBAF7}.Debug|ARM.ActiveCfg = Debug|Any CPU
		{2CB8DF3A-14F0-4C08-A828-F6F7A78FBAF7}.Debug|ARM.Build.0 = Debug|Any CPU
		{2CB8DF3A-14F0-4C08-A828-F6F7A78FBAF7}.Debug|ARM.Deploy.0 = Debug|Any CPU
		{2CB8DF3A-14F0-4C08-A828-F6F7A78FBAF7}.Debug|iPhone.ActiveCfg = Debug|Any CPU
		{2CB8DF3A-14F0-4C08-A828-F6F7A78FBAF7}.Debug|iPhone.Build.0 = Debug|Any CPU
		{2CB8DF3A-14F0-4C08-A828-F6F7A78FBAF7}.Debug|iPhone.Deploy.0 = Debug|Any CPU
		{2CB8DF3A-14F0-4C08-A828-F6F7A78FBAF7}.Debug|iPhoneSimulator.ActiveCfg = Debug|Any CPU
		{2CB8DF3A-14F0-4C08-A828-F6F7A78FBAF7}.Debug|iPhoneSimulator.Build.0 = Debug|Any CPU
		{2CB8DF3A-14F0-4C08-A828-F6F7A78FBAF7}.Debug|iPhoneSimulator.Deploy.0 = Debug|Any CPU
		{2CB8DF3A-14F0-4C08-A828-F6F7A78FBAF7}.Debug|x64.ActiveCfg = Debug|Any CPU
		{2CB8DF3A-14F0-4C08-A828-F6F7A78FBAF7}.Debug|x64.Build.0 = Debug|Any CPU
		{2CB8DF3A-14F0-4C08-A828-F6F7A78FBAF7}.Debug|x64.Deploy.0 = Debug|Any CPU
		{2CB8DF3A-14F0-4C08-A828-F6F7A78FBAF7}.Debug|x86.ActiveCfg = Debug|Any CPU
		{2CB8DF3A-14F0-4C08-A828-F6F7A78FBAF7}.Debug|x86.Build.0 = Debug|Any CPU
		{2CB8DF3A-14F0-4C08-A828-F6F7A78FBAF7}.Debug|x86.Deploy.0 = Debug|Any CPU
		{2CB8DF3A-14F0-4C08-A828-F6F7A78FBAF7}.Release|Any CPU.ActiveCfg = Release|Any CPU
		{2CB8DF3A-14F0-4C08-A828-F6F7A78FBAF7}.Release|Any CPU.Build.0 = Release|Any CPU
		{2CB8DF3A-14F0-4C08-A828-F6F7A78FBAF7}.Release|Any CPU.Deploy.0 = Release|Any CPU
		{2CB8DF3A-14F0-4C08-A828-F6F7A78FBAF7}.Release|ARM.ActiveCfg = Release|Any CPU
		{2CB8DF3A-14F0-4C08-A828-F6F7A78FBAF7}.Release|ARM.Build.0 = Release|Any CPU
		{2CB8DF3A-14F0-4C08-A828-F6F7A78FBAF7}.Release|ARM.Deploy.0 = Release|Any CPU
		{2CB8DF3A-14F0-4C08-A828-F6F7A78FBAF7}.Release|iPhone.ActiveCfg = Release|Any CPU
		{2CB8DF3A-14F0-4C08-A828-F6F7A78FBAF7}.Release|iPhone.Build.0 = Release|Any CPU
		{2CB8DF3A-14F0-4C08-A828-F6F7A78FBAF7}.Release|iPhone.Deploy.0 = Release|Any CPU
		{2CB8DF3A-14F0-4C08-A828-F6F7A78FBAF7}.Release|iPhoneSimulator.ActiveCfg = Release|Any CPU
		{2CB8DF3A-14F0-4C08-A828-F6F7A78FBAF7}.Release|iPhoneSimulator.Build.0 = Release|Any CPU
		{2CB8DF3A-14F0-4C08-A828-F6F7A78FBAF7}.Release|iPhoneSimulator.Deploy.0 = Release|Any CPU
		{2CB8DF3A-14F0-4C08-A828-F6F7A78FBAF7}.Release|x64.ActiveCfg = Release|Any CPU
		{2CB8DF3A-14F0-4C08-A828-F6F7A78FBAF7}.Release|x64.Build.0 = Release|Any CPU
		{2CB8DF3A-14F0-4C08-A828-F6F7A78FBAF7}.Release|x64.Deploy.0 = Release|Any CPU
		{2CB8DF3A-14F0-4C08-A828-F6F7A78FBAF7}.Release|x86.ActiveCfg = Release|Any CPU
		{2CB8DF3A-14F0-4C08-A828-F6F7A78FBAF7}.Release|x86.Build.0 = Release|Any CPU
		{2CB8DF3A-14F0-4C08-A828-F6F7A78FBAF7}.Release|x86.Deploy.0 = Release|Any CPU
	EndGlobalSection
	GlobalSection(SolutionProperties) = preSolution
		HideSolutionNode = FALSE
	EndGlobalSection
	GlobalSection(ExtensibilityGlobals) = postSolution
		SolutionGuid = {C9B865E9-BEB7-4A08-8BA4-4097F29BADC2}
	EndGlobalSection
EndGlobal
